PODS:
  - BigInt (3.1.0):
    - SipHash (~> 1.2)
  - sdk-objectmodel-swift (0.1.2-beta.2)
  - SipHash (1.2.2)

DEPENDENCIES:
  - BigInt (~> 3.1)
  - sdk-objectmodel-swift (~> 0.1.2-beta.2)

SPEC REPOS:
  https://github.com/cocoapods/specs.git:
    - BigInt
    - sdk-objectmodel-swift
    - SipHash

SPEC CHECKSUMS:
  BigInt: 76b5dfdfa3e2e478d4ffdf161aeede5502e2742f
  sdk-objectmodel-swift: 509fbc7b1990ed6cd7c0025dc634e5f09c237e98
  SipHash: fad90a4683e420c52ef28063063dbbce248ea6d4

PODFILE CHECKSUM: 2e8e6bc039f9ac37cd6948d148fcdfdb72d7309b

COCOAPODS: 1.6.0
