PODS:
  - sdk-objectmodel-swift (0.1.2-beta.2)
  - secp256k1.swift (0.1.4)

DEPENDENCIES:
  - sdk-objectmodel-swift (~> 0.1.2-beta.2)
  - secp256k1.swift

SPEC REPOS:
  https://github.com/cocoapods/specs.git:
    - sdk-objectmodel-swift
    - secp256k1.swift

SPEC CHECKSUMS:
  sdk-objectmodel-swift: 509fbc7b1990ed6cd7c0025dc634e5f09c237e98
  secp256k1.swift: a7e7a214f6db6ce5db32cc6b2b45e5c4dd633634

PODFILE CHECKSUM: 68805ca9138e060a6ca91908d8ff2b9c24cb003f

COCOAPODS: 1.6.0
